
Microsoft Visual Studio Solution File, Format Version 12.00
# Visual Studio Version 17
VisualStudioVersion = 17.6.33723.286
MinimumVisualStudioVersion = 10.0.40219.1
Project("{9A19103F-16F7-4668-BE54-9A1E7A4F7556}") = "SortedList", "LINQ\SortedList.csproj", "{2AFB2FA0-0A0A-4ADA-B7D6-B862B13D014B}"
EndProject
Project("{9A19103F-16F7-4668-BE54-9A1E7A4F7556}") = "SortedDictionary", "SortedDictionary\SortedDictionary.csproj", "{9070BA1D-9EA3-434D-84D2-60F44F1F8F5A}"
EndProject
Project("{9A19103F-16F7-4668-BE54-9A1E7A4F7556}") = "Aluno", "Aluno\Aluno.csproj", "{F7A056F7-BC5B-4B7C-9169-F7C9C585C31D}"
EndProject
Project("{9A19103F-16F7-4668-BE54-9A1E7A4F7556}") = "HashSet", "HashSet\HashSet.csproj", "{24DCB7A0-807B-4907-B84A-950BCC9CB58F}"
EndProject
Project("{9A19103F-16F7-4668-BE54-9A1E7A4F7556}") = "SortedSet", "SortedSet\SortedSet.csproj", "{34D8CC8B-5538-41ED-99B9-224C85F96B22}"
EndProject
Project("{2150E333-8FDC-42A3-9474-1A3956D46DE8}") = "SetList", "SetList", "{4228F28C-83A9-4630-8A34-2B9B8CA14563}"
EndProject
Project("{2150E333-8FDC-42A3-9474-1A3956D46DE8}") = "DictionaryList", "DictionaryList", "{3D3C55FC-E060-44D1-8736-7E9C598F8F5B}"
EndProject
Project("{FAE04EC0-301F-11D3-BF4B-00C04F79EFBC}") = "Exercício (Set)", "Exercício (Set)\Exercício (Set).csproj", "{14C81A19-378A-44CD-ABC0-91430251A00D}"
EndProject
Project("{FAE04EC0-301F-11D3-BF4B-00C04F79EFBC}") = "Excercicio (Dictionary)", "Excercicio (Dictionary)\Excercicio (Dictionary).csproj", "{ADF965FA-EFAE-4015-83B7-2C0BF35D75E2}"
EndProject
Project("{FAE04EC0-301F-11D3-BF4B-00C04F79EFBC}") = "Exercício 2 (HashSet)", "Exercício 2 (HashSet)\Exercício 2 (HashSet).csproj", "{16EAEF0C-FE48-4E40-A491-CC9E87CBBD2A}"
EndProject
Project("{2150E333-8FDC-42A3-9474-1A3956D46DE8}") = "Matriz", "Matriz", "{651B8C65-6C70-4AFC-8F4E-0F521932CF14}"
EndProject
Project("{FAE04EC0-301F-11D3-BF4B-00C04F79EFBC}") = "MatrizRecapitulando", "MatrizRecapitulando\MatrizRecapitulando.csproj", "{CA6EB37B-7BC8-4624-91DE-2AA48EE63F2B}"
EndProject
Project("{2150E333-8FDC-42A3-9474-1A3956D46DE8}") = "CompareTo (meses)", "CompareTo (meses)", "{CF84EA6B-381A-4B95-A94B-03844922ED7A}"
EndProject
Project("{FAE04EC0-301F-11D3-BF4B-00C04F79EFBC}") = "Meses", "Meses\Meses.csproj", "{87CC450F-F97F-4864-BE78-3C1CAE8ABFAE}"
EndProject
Project("{2150E333-8FDC-42A3-9474-1A3956D46DE8}") = "LINQ", "LINQ", "{BA4612A9-ACCA-49F1-B916-ADF878BD9F89}"
EndProject
Project("{FAE04EC0-301F-11D3-BF4B-00C04F79EFBC}") = "Meses (Usando LINQ)", "Meses (Usando LINQ)\Meses (Usando LINQ).csproj", "{2DC764E7-2C86-4529-9D4B-02A108B2E940}"
EndProject
Project("{FAE04EC0-301F-11D3-BF4B-00C04F79EFBC}") = "ConjuntoLINQ", "ConjuntoLINQ\ConjuntoLINQ.csproj", "{7BFF4CC4-88A4-4BC2-A050-C4A1EC439203}"
EndProject
Global
	GlobalSection(SolutionConfigurationPlatforms) = preSolution
		Debug|Any CPU = Debug|Any CPU
		Release|Any CPU = Release|Any CPU
	EndGlobalSection
	GlobalSection(ProjectConfigurationPlatforms) = postSolution
		{2AFB2FA0-0A0A-4ADA-B7D6-B862B13D014B}.Debug|Any CPU.ActiveCfg = Debug|Any CPU
		{2AFB2FA0-0A0A-4ADA-B7D6-B862B13D014B}.Debug|Any CPU.Build.0 = Debug|Any CPU
		{2AFB2FA0-0A0A-4ADA-B7D6-B862B13D014B}.Release|Any CPU.ActiveCfg = Release|Any CPU
		{2AFB2FA0-0A0A-4ADA-B7D6-B862B13D014B}.Release|Any CPU.Build.0 = Release|Any CPU
		{9070BA1D-9EA3-434D-84D2-60F44F1F8F5A}.Debug|Any CPU.ActiveCfg = Debug|Any CPU
		{9070BA1D-9EA3-434D-84D2-60F44F1F8F5A}.Debug|Any CPU.Build.0 = Debug|Any CPU
		{9070BA1D-9EA3-434D-84D2-60F44F1F8F5A}.Release|Any CPU.ActiveCfg = Release|Any CPU
		{9070BA1D-9EA3-434D-84D2-60F44F1F8F5A}.Release|Any CPU.Build.0 = Release|Any CPU
		{F7A056F7-BC5B-4B7C-9169-F7C9C585C31D}.Debug|Any CPU.ActiveCfg = Debug|Any CPU
		{F7A056F7-BC5B-4B7C-9169-F7C9C585C31D}.Debug|Any CPU.Build.0 = Debug|Any CPU
		{F7A056F7-BC5B-4B7C-9169-F7C9C585C31D}.Release|Any CPU.ActiveCfg = Release|Any CPU
		{F7A056F7-BC5B-4B7C-9169-F7C9C585C31D}.Release|Any CPU.Build.0 = Release|Any CPU
		{24DCB7A0-807B-4907-B84A-950BCC9CB58F}.Debug|Any CPU.ActiveCfg = Debug|Any CPU
		{24DCB7A0-807B-4907-B84A-950BCC9CB58F}.Debug|Any CPU.Build.0 = Debug|Any CPU
		{24DCB7A0-807B-4907-B84A-950BCC9CB58F}.Release|Any CPU.ActiveCfg = Release|Any CPU
		{24DCB7A0-807B-4907-B84A-950BCC9CB58F}.Release|Any CPU.Build.0 = Release|Any CPU
		{34D8CC8B-5538-41ED-99B9-224C85F96B22}.Debug|Any CPU.ActiveCfg = Debug|Any CPU
		{34D8CC8B-5538-41ED-99B9-224C85F96B22}.Debug|Any CPU.Build.0 = Debug|Any CPU
		{34D8CC8B-5538-41ED-99B9-224C85F96B22}.Release|Any CPU.ActiveCfg = Release|Any CPU
		{34D8CC8B-5538-41ED-99B9-224C85F96B22}.Release|Any CPU.Build.0 = Release|Any CPU
		{14C81A19-378A-44CD-ABC0-91430251A00D}.Debug|Any CPU.ActiveCfg = Debug|Any CPU
		{14C81A19-378A-44CD-ABC0-91430251A00D}.Debug|Any CPU.Build.0 = Debug|Any CPU
		{14C81A19-378A-44CD-ABC0-91430251A00D}.Release|Any CPU.ActiveCfg = Release|Any CPU
		{14C81A19-378A-44CD-ABC0-91430251A00D}.Release|Any CPU.Build.0 = Release|Any CPU
		{ADF965FA-EFAE-4015-83B7-2C0BF35D75E2}.Debug|Any CPU.ActiveCfg = Debug|Any CPU
		{ADF965FA-EFAE-4015-83B7-2C0BF35D75E2}.Debug|Any CPU.Build.0 = Debug|Any CPU
		{ADF965FA-EFAE-4015-83B7-2C0BF35D75E2}.Release|Any CPU.ActiveCfg = Release|Any CPU
		{ADF965FA-EFAE-4015-83B7-2C0BF35D75E2}.Release|Any CPU.Build.0 = Release|Any CPU
		{16EAEF0C-FE48-4E40-A491-CC9E87CBBD2A}.Debug|Any CPU.ActiveCfg = Debug|Any CPU
		{16EAEF0C-FE48-4E40-A491-CC9E87CBBD2A}.Debug|Any CPU.Build.0 = Debug|Any CPU
		{16EAEF0C-FE48-4E40-A491-CC9E87CBBD2A}.Release|Any CPU.ActiveCfg = Release|Any CPU
		{16EAEF0C-FE48-4E40-A491-CC9E87CBBD2A}.Release|Any CPU.Build.0 = Release|Any CPU
		{CA6EB37B-7BC8-4624-91DE-2AA48EE63F2B}.Debug|Any CPU.ActiveCfg = Debug|Any CPU
		{CA6EB37B-7BC8-4624-91DE-2AA48EE63F2B}.Debug|Any CPU.Build.0 = Debug|Any CPU
		{CA6EB37B-7BC8-4624-91DE-2AA48EE63F2B}.Release|Any CPU.ActiveCfg = Release|Any CPU
		{CA6EB37B-7BC8-4624-91DE-2AA48EE63F2B}.Release|Any CPU.Build.0 = Release|Any CPU
		{87CC450F-F97F-4864-BE78-3C1CAE8ABFAE}.Debug|Any CPU.ActiveCfg = Debug|Any CPU
		{87CC450F-F97F-4864-BE78-3C1CAE8ABFAE}.Debug|Any CPU.Build.0 = Debug|Any CPU
		{87CC450F-F97F-4864-BE78-3C1CAE8ABFAE}.Release|Any CPU.ActiveCfg = Release|Any CPU
		{87CC450F-F97F-4864-BE78-3C1CAE8ABFAE}.Release|Any CPU.Build.0 = Release|Any CPU
		{2DC764E7-2C86-4529-9D4B-02A108B2E940}.Debug|Any CPU.ActiveCfg = Debug|Any CPU
		{2DC764E7-2C86-4529-9D4B-02A108B2E940}.Debug|Any CPU.Build.0 = Debug|Any CPU
		{2DC764E7-2C86-4529-9D4B-02A108B2E940}.Release|Any CPU.ActiveCfg = Release|Any CPU
		{2DC764E7-2C86-4529-9D4B-02A108B2E940}.Release|Any CPU.Build.0 = Release|Any CPU
		{7BFF4CC4-88A4-4BC2-A050-C4A1EC439203}.Debug|Any CPU.ActiveCfg = Debug|Any CPU
		{7BFF4CC4-88A4-4BC2-A050-C4A1EC439203}.Debug|Any CPU.Build.0 = Debug|Any CPU
		{7BFF4CC4-88A4-4BC2-A050-C4A1EC439203}.Release|Any CPU.ActiveCfg = Release|Any CPU
		{7BFF4CC4-88A4-4BC2-A050-C4A1EC439203}.Release|Any CPU.Build.0 = Release|Any CPU
	EndGlobalSection
	GlobalSection(SolutionProperties) = preSolution
		HideSolutionNode = FALSE
	EndGlobalSection
	GlobalSection(NestedProjects) = preSolution
		{2AFB2FA0-0A0A-4ADA-B7D6-B862B13D014B} = {3D3C55FC-E060-44D1-8736-7E9C598F8F5B}
		{9070BA1D-9EA3-434D-84D2-60F44F1F8F5A} = {3D3C55FC-E060-44D1-8736-7E9C598F8F5B}
		{24DCB7A0-807B-4907-B84A-950BCC9CB58F} = {4228F28C-83A9-4630-8A34-2B9B8CA14563}
		{34D8CC8B-5538-41ED-99B9-224C85F96B22} = {4228F28C-83A9-4630-8A34-2B9B8CA14563}
		{14C81A19-378A-44CD-ABC0-91430251A00D} = {4228F28C-83A9-4630-8A34-2B9B8CA14563}
		{ADF965FA-EFAE-4015-83B7-2C0BF35D75E2} = {3D3C55FC-E060-44D1-8736-7E9C598F8F5B}
		{16EAEF0C-FE48-4E40-A491-CC9E87CBBD2A} = {4228F28C-83A9-4630-8A34-2B9B8CA14563}
		{CA6EB37B-7BC8-4624-91DE-2AA48EE63F2B} = {651B8C65-6C70-4AFC-8F4E-0F521932CF14}
		{87CC450F-F97F-4864-BE78-3C1CAE8ABFAE} = {CF84EA6B-381A-4B95-A94B-03844922ED7A}
		{2DC764E7-2C86-4529-9D4B-02A108B2E940} = {BA4612A9-ACCA-49F1-B916-ADF878BD9F89}
		{7BFF4CC4-88A4-4BC2-A050-C4A1EC439203} = {BA4612A9-ACCA-49F1-B916-ADF878BD9F89}
	EndGlobalSection
	GlobalSection(ExtensibilityGlobals) = postSolution
		SolutionGuid = {C7D0508F-6E1C-4777-AA96-244D8A5B9F90}
	EndGlobalSection
EndGlobal
